
Microsoft Visual Studio Solution File, Format Version 12.00
# Visual Studio 15
VisualStudioVersion = 15.0.28307.168
MinimumVisualStudioVersion = 10.0.40219.1
Project("{FAE04EC0-301F-11D3-BF4B-00C04F79EFBC}") = "HotelBooking", "HotelBooking\HotelBooking.csproj", "{F420BB29-B34B-4B32-A9E8-0547CCE80689}"
EndProject
Global
	GlobalSection(SolutionConfigurationPlatforms) = preSolution
		Debug|Any CPU = Debug|Any CPU
		Release|Any CPU = Release|Any CPU
	EndGlobalSection
	GlobalSection(ProjectConfigurationPlatforms) = postSolution
		{F420BB29-B34B-4B32-A9E8-0547CCE80689}.Debug|Any CPU.ActiveCfg = Debug|Any CPU
		{F420BB29-B34B-4B32-A9E8-0547CCE80689}.Debug|Any CPU.Build.0 = Debug|Any CPU
		{F420BB29-B34B-4B32-A9E8-0547CCE80689}.Release|Any CPU.ActiveCfg = Release|Any CPU
		{F420BB29-B34B-4B32-A9E8-0547CCE80689}.Release|Any CPU.Build.0 = Release|Any CPU
	EndGlobalSection
	GlobalSection(SolutionProperties) = preSolution
		HideSolutionNode = FALSE
	EndGlobalSection
	GlobalSection(ExtensibilityGlobals) = postSolution
		SolutionGuid = {96FDE38C-5917-41DE-858C-7064AE345F1E}
	EndGlobalSection
EndGlobal
